Microsoft Visual Studio Solution File, Format Version 12.00
# Visual Studio Version 17
VisualStudioVersion = 17.5.2.0
MinimumVisualStudioVersion = 10.0.40219.1
Project("{FAE04EC0-301F-11D3-BF4B-00C04F79EFBC}") = "um", "um\um.csproj", "{3FAFF4B6-9863-C5CA-4486-3F1BE73D51DD}"
EndProject
Global
	GlobalSection(SolutionConfigurationPlatforms) = preSolution
		Debug|Any CPU = Debug|Any CPU
		Release|Any CPU = Release|Any CPU
	EndGlobalSection
	GlobalSection(ProjectConfigurationPlatforms) = postSolution
		{3FAFF4B6-9863-C5CA-4486-3F1BE73D51DD}.Debug|Any CPU.ActiveCfg = Debug|Any CPU
		{3FAFF4B6-9863-C5CA-4486-3F1BE73D51DD}.Debug|Any CPU.Build.0 = Debug|Any CPU
		{3FAFF4B6-9863-C5CA-4486-3F1BE73D51DD}.Release|Any CPU.ActiveCfg = Release|Any CPU
		{3FAFF4B6-9863-C5CA-4486-3F1BE73D51DD}.Release|Any CPU.Build.0 = Release|Any CPU
	EndGlobalSection
	GlobalSection(SolutionProperties) = preSolution
		HideSolutionNode = FALSE
	EndGlobalSection
	GlobalSection(ExtensibilityGlobals) = postSolution
		SolutionGuid = {D6EB7D90-6691-4E70-8C07-C1B498AC26FB}
	EndGlobalSection
EndGlobal
